# THIS IS AN AUTOGENERATED FILE. DO NOT EDIT THIS FILE DIRECTLY.
# yarn lockfile v1


vnglst-alpha@^0.0.1:
  version "0.0.1"
  resolved "https://registry.yarnpkg.com/vnglst-alpha/-/vnglst-alpha-0.0.1.tgz#14a632dad2b36258b35d153a07c8effc705ec854"
  integrity sha512-6k1gv0Llz5tVKLaU+1zCLXCxBvvDZKjxg/JqNUkK0eKfgMzB3kdIopvl1Ien5ZyuoFCBZpXZ6YF4zdPT9+RaLw==

vnglst-beta@^0.0.1:
  version "0.0.1"
  resolved "https://registry.yarnpkg.com/vnglst-beta/-/vnglst-beta-0.0.1.tgz#ad3a46340e9a7de488e5c18faf9cd785108b85a8"
  integrity sha512-U/SofEeXswRCp4cSmZBf4NOjy2BHtUtu4CleOXSJdJ0z2P8qsfDPS7PwG7kV6XhRf00e9JvOE2pp7uBChiXezA==
